# THIS IS AN AUTOGENERATED FILE. DO NOT EDIT THIS FILE DIRECTLY.
# yarn lockfile v1


jest-coverage-badges@1.1.2:
  version "1.1.2"
  resolved "https://registry.yarnpkg.com/jest-coverage-badges/-/jest-coverage-badges-1.1.2.tgz#a70786b139fd8fb685db732e1e2d916d8a47287e"
  integrity sha512-44A7i2xR6os8+fWk8ZRM6W4fKiD2jwKOLU9eB3iTIIWACd9RbdvmiCNpQZTOsUBhKvz7aQ/ASFhu5JOEhWUOlg==
  dependencies:
    mkdirp "0.5.1"

minimist@0.0.8:
  version "0.0.8"
  resolved "https://registry.yarnpkg.com/minimist/-/minimist-0.0.8.tgz#857fcabfc3397d2625b8228262e86aa7a011b05d"
  integrity sha512-miQKw5Hv4NS1Psg2517mV4e4dYNaO3++hjAvLOAzKqZ61rH8NS1SK+vbfBWZ5PY/Me/bEWhUwqMghEW5Fb9T7Q==

mkdirp@0.5.1:
  version "0.5.1"
  resolved "https://registry.yarnpkg.com/mkdirp/-/mkdirp-0.5.1.tgz#30057438eac6cf7f8c4767f38648d6697d75c903"
  integrity sha512-SknJC52obPfGQPnjIkXbmA6+5H15E+fR+E4iR2oQ3zzCLbd7/ONua69R/Gw7AgkTLsRG+r5fzksYwWe1AgTyWA==
  dependencies:
    minimist "0.0.8"
